// !$*UTF8*$!
{
	archiveVersion = 1;
	classes = {
	};
	objectVersion = 77;
	objects = {

/* Begin PBXBuildFile section */
		0D40772E0B83E34512FC0F7F /* MapScreenViewModel.swift in Sources */ = {isa = PBXBuildFile; fileRef = 02EDBF289B9A08E03D8DB95D /* MapScreenViewModel.swift */; };
		27F75AD106B57287B83B58F0 /* PlaceResolutionSheet.swift in Sources */ = {isa = PBXBuildFile; fileRef = DF3FE62F7A8A674DCEFBD7CE /* PlaceResolutionSheet.swift */; };
		604588AF8A7873E7EEDB6256 /* APIClient.swift in Sources */ = {isa = PBXBuildFile; fileRef = 1D76F88F40AA5300AD1ACB29 /* APIClient.swift */; };
		627D8F974E756EBCDBBC251F /* APIClientTests.swift in Sources */ = {isa = PBXBuildFile; fileRef = 61EB1FBE53741EB9907A73AE /* APIClientTests.swift */; };
		A9A3788928B017002F56A7F4 /* PlacewiseApp.swift in Sources */ = {isa = PBXBuildFile; fileRef = 9CE6B58D1145071148E6B087 /* PlacewiseApp.swift */; };
		F130CBA99C646BC84D5073D1 /* MapScreen.swift in Sources */ = {isa = PBXBuildFile; fileRef = A5ACBA17CFDB288C14673032 /* MapScreen.swift */; };
		FBCF8ECA1382AF8A44FDA2D0 /* PlaceModels.swift in Sources */ = {isa = PBXBuildFile; fileRef = 57D140F9BD6B43B32B7595C9 /* PlaceModels.swift */; };
/* End PBXBuildFile section */

/* Begin PBXContainerItemProxy section */
		25CBA69456BAFF7C0266D3D2 /* PBXContainerItemProxy */ = {
			isa = PBXContainerItemProxy;
			containerPortal = EF3EDF8311E9746200995DAF /* Project object */;
			proxyType = 1;
			remoteGlobalIDString = ECBD6FC7FE563AE0AFE7B791;
			remoteInfo = Placewise;
		};
/* End PBXContainerItemProxy section */

/* Begin PBXFileReference section */
		02EDBF289B9A08E03D8DB95D /* MapScreenViewModel.swift */ = {isa = PBXFileReference; lastKnownFileType = sourcecode.swift; path = MapScreenViewModel.swift; sourceTree = "<group>"; };
		091CC786CADDE43D8ADC9684 /* PlacewiseTests.xctest */ = {isa = PBXFileReference; includeInIndex = 0; lastKnownFileType = wrapper.cfbundle; path = PlacewiseTests.xctest; sourceTree = BUILT_PRODUCTS_DIR; };
		14E849BCB43B52083D8256F6 /* Placewise.app */ = {isa = PBXFileReference; includeInIndex = 0; lastKnownFileType = wrapper.application; path = Placewise.app; sourceTree = BUILT_PRODUCTS_DIR; };
		1D76F88F40AA5300AD1ACB29 /* APIClient.swift */ = {isa = PBXFileReference; lastKnownFileType = sourcecode.swift; path = APIClient.swift; sourceTree = "<group>"; };
		57D140F9BD6B43B32B7595C9 /* PlaceModels.swift */ = {isa = PBXFileReference; lastKnownFileType = sourcecode.swift; path = PlaceModels.swift; sourceTree = "<group>"; };
		61EB1FBE53741EB9907A73AE /* APIClientTests.swift */ = {isa = PBXFileReference; lastKnownFileType = sourcecode.swift; path = APIClientTests.swift; sourceTree = "<group>"; };
		9CE6B58D1145071148E6B087 /* PlacewiseApp.swift */ = {isa = PBXFileReference; lastKnownFileType = sourcecode.swift; path = PlacewiseApp.swift; sourceTree = "<group>"; };
		A5ACBA17CFDB288C14673032 /* MapScreen.swift */ = {isa = PBXFileReference; lastKnownFileType = sourcecode.swift; path = MapScreen.swift; sourceTree = "<group>"; };
		CACAC234A6E2040A020EC3C8 /* Info.plist */ = {isa = PBXFileReference; lastKnownFileType = text.plist; path = Info.plist; sourceTree = "<group>"; };
		DF3FE62F7A8A674DCEFBD7CE /* PlaceResolutionSheet.swift */ = {isa = PBXFileReference; lastKnownFileType = sourcecode.swift; path = PlaceResolutionSheet.swift; sourceTree = "<group>"; };
/* End PBXFileReference section */

/* Begin PBXGroup section */
		05D92AA7847B2FFDA83BEE04 /* Products */ = {
			isa = PBXGroup;
			children = (
				14E849BCB43B52083D8256F6 /* Placewise.app */,
				091CC786CADDE43D8ADC9684 /* PlacewiseTests.xctest */,
			);
			name = Products;
			sourceTree = "<group>";
		};
		21CD31529BC187C2AAEC704C /* App */ = {
			isa = PBXGroup;
			children = (
				9CE6B58D1145071148E6B087 /* PlacewiseApp.swift */,
			);
			path = App;
			sourceTree = "<group>";
		};
		3B6D39713D5D6B945701B548 = {
			isa = PBXGroup;
			children = (
				F87E375E6CDA9D828983D5B3 /* Placewise */,
				A08E4CFBEBEA7A3C2EE4FC82 /* PlacewiseTests */,
				05D92AA7847B2FFDA83BEE04 /* Products */,
			);
			sourceTree = "<group>";
		};
		407E5465CB6E89276E8FA4F0 /* PlaceBrief */ = {
			isa = PBXGroup;
			children = (
				DF3FE62F7A8A674DCEFBD7CE /* PlaceResolutionSheet.swift */,
			);
			path = PlaceBrief;
			sourceTree = "<group>";
		};
		4C546C0DA075D5FCCB186010 /* Map */ = {
			isa = PBXGroup;
			children = (
				A5ACBA17CFDB288C14673032 /* MapScreen.swift */,
				02EDBF289B9A08E03D8DB95D /* MapScreenViewModel.swift */,
			);
			path = Map;
			sourceTree = "<group>";
		};
		730457EDCCD98A9B15239527 /* Features */ = {
			isa = PBXGroup;
			children = (
				4C546C0DA075D5FCCB186010 /* Map */,
				407E5465CB6E89276E8FA4F0 /* PlaceBrief */,
			);
			path = Features;
			sourceTree = "<group>";
		};
		816C1532608C562AC840DEB4 /* Models */ = {
			isa = PBXGroup;
			children = (
				57D140F9BD6B43B32B7595C9 /* PlaceModels.swift */,
			);
			path = Models;
			sourceTree = "<group>";
		};
		A08E4CFBEBEA7A3C2EE4FC82 /* PlacewiseTests */ = {
			isa = PBXGroup;
			children = (
				61EB1FBE53741EB9907A73AE /* APIClientTests.swift */,
			);
			path = PlacewiseTests;
			sourceTree = "<group>";
		};
		DD66747EB7E09B7ECA1AC83E /* Services */ = {
			isa = PBXGroup;
			children = (
				1D76F88F40AA5300AD1ACB29 /* APIClient.swift */,
			);
			path = Services;
			sourceTree = "<group>";
		};
		F87E375E6CDA9D828983D5B3 /* Placewise */ = {
			isa = PBXGroup;
			children = (
				CACAC234A6E2040A020EC3C8 /* Info.plist */,
				21CD31529BC187C2AAEC704C /* App */,
				730457EDCCD98A9B15239527 /* Features */,
				816C1532608C562AC840DEB4 /* Models */,
				DD66747EB7E09B7ECA1AC83E /* Services */,
			);
			path = Placewise;
			sourceTree = "<group>";
		};
/* End PBXGroup section */

/* Begin PBXNativeTarget section */
		31C12FA7CFE1FBCF87393EC2 /* PlacewiseTests */ = {
			isa = PBXNativeTarget;
			buildConfigurationList = 9C31D5F95D54B6E11DC2D230 /* Build configuration list for PBXNativeTarget "PlacewiseTests" */;
			buildPhases = (
				66CC2CA21D13501AF65EF60F /* Sources */,
			);
			buildRules = (
			);
			dependencies = (
				280A9DC434C93D7EFAE93DC6 /* PBXTargetDependency */,
			);
			name = PlacewiseTests;
			packageProductDependencies = (
			);
			productName = PlacewiseTests;
			productReference = 091CC786CADDE43D8ADC9684 /* PlacewiseTests.xctest */;
			productType = "com.apple.product-type.bundle.unit-test";
		};
		ECBD6FC7FE563AE0AFE7B791 /* Placewise */ = {
			isa = PBXNativeTarget;
			buildConfigurationList = A6A5F2B3CE178B629325E17B /* Build configuration list for PBXNativeTarget "Placewise" */;
			buildPhases = (
				60B8092882615E17CDB459FE /* Sources */,
			);
			buildRules = (
			);
			dependencies = (
			);
			name = Placewise;
			packageProductDependencies = (
			);
			productName = Placewise;
			productReference = 14E849BCB43B52083D8256F6 /* Placewise.app */;
			productType = "com.apple.product-type.application";
		};
/* End PBXNativeTarget section */

/* Begin PBXProject section */
		EF3EDF8311E9746200995DAF /* Project object */ = {
			isa = PBXProject;
			attributes = {
				BuildIndependentTargetsInParallel = YES;
				LastUpgradeCheck = 1430;
				TargetAttributes = {
				};
			};
			buildConfigurationList = 66495802242D12DBC8A4C046 /* Build configuration list for PBXProject "Placewise" */;
			developmentRegion = en;
			hasScannedForEncodings = 0;
			knownRegions = (
				Base,
				en,
			);
			mainGroup = 3B6D39713D5D6B945701B548;
			minimizedProjectReferenceProxies = 1;
			preferredProjectObjectVersion = 77;
			productRefGroup = 05D92AA7847B2FFDA83BEE04 /* Products */;
			projectDirPath = "";
			projectRoot = "";
			targets = (
				ECBD6FC7FE563AE0AFE7B791 /* Placewise */,
				31C12FA7CFE1FBCF87393EC2 /* PlacewiseTests */,
			);
		};
/* End PBXProject section */

/* Begin PBXSourcesBuildPhase section */
		60B8092882615E17CDB459FE /* Sources */ = {
			isa = PBXSourcesBuildPhase;
			buildActionMask = 2147483647;
			files = (
				604588AF8A7873E7EEDB6256 /* APIClient.swift in Sources */,
				F130CBA99C646BC84D5073D1 /* MapScreen.swift in Sources */,
				0D40772E0B83E34512FC0F7F /* MapScreenViewModel.swift in Sources */,
				FBCF8ECA1382AF8A44FDA2D0 /* PlaceModels.swift in Sources */,
				27F75AD106B57287B83B58F0 /* PlaceResolutionSheet.swift in Sources */,
				A9A3788928B017002F56A7F4 /* PlacewiseApp.swift in Sources */,
			);
			runOnlyForDeploymentPostprocessing = 0;
		};
		66CC2CA21D13501AF65EF60F /* Sources */ = {
			isa = PBXSourcesBuildPhase;
			buildActionMask = 2147483647;
			files = (
				627D8F974E756EBCDBBC251F /* APIClientTests.swift in Sources */,
			);
			runOnlyForDeploymentPostprocessing = 0;
		};
/* End PBXSourcesBuildPhase section */

/* Begin PBXTargetDependency section */
		280A9DC434C93D7EFAE93DC6 /* PBXTargetDependency */ = {
			isa = PBXTargetDependency;
			target = ECBD6FC7FE563AE0AFE7B791 /* Placewise */;
			targetProxy = 25CBA69456BAFF7C0266D3D2 /* PBXContainerItemProxy */;
		};
/* End PBXTargetDependency section */

/* Begin XCBuildConfiguration section */
		328D2004B47F4AB980E0D5FD /* Debug */ = {
			isa = XCBuildConfiguration;
			buildSettings = {
				ASSETCATALOG_COMPILER_APPICON_NAME = AppIcon;
				CODE_SIGN_IDENTITY = "iPhone Developer";
				INFOPLIST_FILE = Placewise/Info.plist;
				INFOPLIST_KEY_UISupportedInterfaceOrientations_iPhone = (
					UIInterfaceOrientationPortrait,
				);
				LD_RUNPATH_SEARCH_PATHS = (
					"$(inherited)",
					"@executable_path/Frameworks",
				);
				SDKROOT = iphoneos;
				TARGETED_DEVICE_FAMILY = "1,2";
			};
			name = Debug;
		};
		690E2E919AC6B8B10A418497 /* Debug */ = {
			isa = XCBuildConfiguration;
			buildSettings = {
				BUNDLE_LOADER = "$(TEST_HOST)";
				LD_RUNPATH_SEARCH_PATHS = (
					"$(inherited)",
					"@executable_path/Frameworks",
					"@loader_path/Frameworks",
				);
				SDKROOT = iphoneos;
				TARGETED_DEVICE_FAMILY = "1,2";
				TEST_HOST = "$(BUILT_PRODUCTS_DIR)/Placewise.app/Placewise";
			};
			name = Debug;
		};
		92354F17EC09277F6FC07AC9 /* Debug */ = {
			isa = XCBuildConfiguration;
			buildSettings = {
				ALWAYS_SEARCH_USER_PATHS = NO;
				CLANG_ANALYZER_NONNULL = YES;
				CLANG_ANALYZER_NUMBER_OBJECT_CONVERSION = YES_AGGRESSIVE;
				CLANG_CXX_LANGUAGE_STANDARD = "gnu++14";
				CLANG_CXX_LIBRARY = "libc++";
				CLANG_ENABLE_MODULES = YES;
				CLANG_ENABLE_OBJC_ARC = YES;
				CLANG_ENABLE_OBJC_WEAK = YES;
				CLANG_WARN_BLOCK_CAPTURE_AUTORELEASING = YES;
				CLANG_WARN_BOOL_CONVERSION = YES;
				CLANG_WARN_COMMA = YES;
				CLANG_WARN_CONSTANT_CONVERSION = YES;
				CLANG_WARN_DEPRECATED_OBJC_IMPLEMENTATIONS = YES;
				CLANG_WARN_DIRECT_OBJC_ISA_USAGE = YES_ERROR;
				CLANG_WARN_DOCUMENTATION_COMMENTS = YES;
				CLANG_WARN_EMPTY_BODY = YES;
				CLANG_WARN_ENUM_CONVERSION = YES;
				CLANG_WARN_INFINITE_RECURSION = YES;
				CLANG_WARN_INT_CONVERSION = YES;
				CLANG_WARN_NON_LITERAL_NULL_CONVERSION = YES;
				CLANG_WARN_OBJC_IMPLICIT_RETAIN_SELF = YES;
				CLANG_WARN_OBJC_LITERAL_CONVERSION = YES;
				CLANG_WARN_OBJC_ROOT_CLASS = YES_ERROR;
				CLANG_WARN_QUOTED_INCLUDE_IN_FRAMEWORK_HEADER = YES;
				CLANG_WARN_RANGE_LOOP_ANALYSIS = YES;
				CLANG_WARN_STRICT_PROTOTYPES = YES;
				CLANG_WARN_SUSPICIOUS_MOVE = YES;
				CLANG_WARN_UNGUARDED_AVAILABILITY = YES_AGGRESSIVE;
				CLANG_WARN_UNREACHABLE_CODE = YES;
				CLANG_WARN__DUPLICATE_METHOD_MATCH = YES;
				COPY_PHASE_STRIP = NO;
				DEBUG_INFORMATION_FORMAT = dwarf;
				ENABLE_STRICT_OBJC_MSGSEND = YES;
				ENABLE_TESTABILITY = YES;
				GCC_C_LANGUAGE_STANDARD = gnu11;
				GCC_DYNAMIC_NO_PIC = NO;
				GCC_NO_COMMON_BLOCKS = YES;
				GCC_OPTIMIZATION_LEVEL = 0;
				GCC_PREPROCESSOR_DEFINITIONS = (
					"$(inherited)",
					"DEBUG=1",
				);
				GCC_WARN_64_TO_32_BIT_CONVERSION = YES;
				GCC_WARN_ABOUT_RETURN_TYPE = YES_ERROR;
				GCC_WARN_UNDECLARED_SELECTOR = YES;
				GCC_WARN_UNINITIALIZED_AUTOS = YES_AGGRESSIVE;
				GCC_WARN_UNUSED_FUNCTION = YES;
				GCC_WARN_UNUSED_VARIABLE = YES;
				IPHONEOS_DEPLOYMENT_TARGET = 17.0;
				MTL_ENABLE_DEBUG_INFO = INCLUDE_SOURCE;
				MTL_FAST_MATH = YES;
				ONLY_ACTIVE_ARCH = YES;
				PRODUCT_BUNDLE_IDENTIFIER = com.placewise.app;
				PRODUCT_NAME = "$(TARGET_NAME)";
				SDKROOT = iphoneos;
				SWIFT_ACTIVE_COMPILATION_CONDITIONS = DEBUG;
				SWIFT_OPTIMIZATION_LEVEL = "-Onone";
				SWIFT_VERSION = 5.1;
			};
			name = Debug;
		};
		9F7B0FD30DD3BA2E4666342B /* Release */ = {
			isa = XCBuildConfiguration;
			buildSettings = {
				BUNDLE_LOADER = "$(TEST_HOST)";
				LD_RUNPATH_SEARCH_PATHS = (
					"$(inherited)",
					"@executable_path/Frameworks",
					"@loader_path/Frameworks",
				);
				SDKROOT = iphoneos;
				TARGETED_DEVICE_FAMILY = "1,2";
				TEST_HOST = "$(BUILT_PRODUCTS_DIR)/Placewise.app/Placewise";
			};
			name = Release;
		};
		AF3386A6200BA67E25D8E8E1 /* Release */ = {
			isa = XCBuildConfiguration;
			buildSettings = {
				ASSETCATALOG_COMPILER_APPICON_NAME = AppIcon;
				CODE_SIGN_IDENTITY = "iPhone Developer";
				INFOPLIST_FILE = Placewise/Info.plist;
				INFOPLIST_KEY_UISupportedInterfaceOrientations_iPhone = (
					UIInterfaceOrientationPortrait,
				);
				LD_RUNPATH_SEARCH_PATHS = (
					"$(inherited)",
					"@executable_path/Frameworks",
				);
				SDKROOT = iphoneos;
				TARGETED_DEVICE_FAMILY = "1,2";
			};
			name = Release;
		};
		BB2F2AC46C3366D30EBC14CA /* Release */ = {
			isa = XCBuildConfiguration;
			buildSettings = {
				ALWAYS_SEARCH_USER_PATHS = NO;
				CLANG_ANALYZER_NONNULL = YES;
				CLANG_ANALYZER_NUMBER_OBJECT_CONVERSION = YES_AGGRESSIVE;
				CLANG_CXX_LANGUAGE_STANDARD = "gnu++14";
				CLANG_CXX_LIBRARY = "libc++";
				CLANG_ENABLE_MODULES = YES;
				CLANG_ENABLE_OBJC_ARC = YES;
				CLANG_ENABLE_OBJC_WEAK = YES;
				CLANG_WARN_BLOCK_CAPTURE_AUTORELEASING = YES;
				CLANG_WARN_BOOL_CONVERSION = YES;
				CLANG_WARN_COMMA = YES;
				CLANG_WARN_CONSTANT_CONVERSION = YES;
				CLANG_WARN_DEPRECATED_OBJC_IMPLEMENTATIONS = YES;
				CLANG_WARN_DIRECT_OBJC_ISA_USAGE = YES_ERROR;
				CLANG_WARN_DOCUMENTATION_COMMENTS = YES;
				CLANG_WARN_EMPTY_BODY = YES;
				CLANG_WARN_ENUM_CONVERSION = YES;
				CLANG_WARN_INFINITE_RECURSION = YES;
				CLANG_WARN_INT_CONVERSION = YES;
				CLANG_WARN_NON_LITERAL_NULL_CONVERSION = YES;
				CLANG_WARN_OBJC_IMPLICIT_RETAIN_SELF = YES;
				CLANG_WARN_OBJC_LITERAL_CONVERSION = YES;
				CLANG_WARN_OBJC_ROOT_CLASS = YES_ERROR;
				CLANG_WARN_QUOTED_INCLUDE_IN_FRAMEWORK_HEADER = YES;
				CLANG_WARN_RANGE_LOOP_ANALYSIS = YES;
				CLANG_WARN_STRICT_PROTOTYPES = YES;
				CLANG_WARN_SUSPICIOUS_MOVE = YES;
				CLANG_WARN_UNGUARDED_AVAILABILITY = YES_AGGRESSIVE;
				CLANG_WARN_UNREACHABLE_CODE = YES;
				CLANG_WARN__DUPLICATE_METHOD_MATCH = YES;
				COPY_PHASE_STRIP = NO;
				DEBUG_INFORMATION_FORMAT = "dwarf-with-dsym";
				ENABLE_NS_ASSERTIONS = NO;
				ENABLE_STRICT_OBJC_MSGSEND = YES;
				GCC_C_LANGUAGE_STANDARD = gnu11;
				GCC_NO_COMMON_BLOCKS = YES;
				GCC_WARN_64_TO_32_BIT_CONVERSION = YES;
				GCC_WARN_ABOUT_RETURN_TYPE = YES_ERROR;
				GCC_WARN_UNDECLARED_SELECTOR = YES;
				GCC_WARN_UNINITIALIZED_AUTOS = YES_AGGRESSIVE;
				GCC_WARN_UNUSED_FUNCTION = YES;
				GCC_WARN_UNUSED_VARIABLE = YES;
				IPHONEOS_DEPLOYMENT_TARGET = 17.0;
				MTL_ENABLE_DEBUG_INFO = NO;
				MTL_FAST_MATH = YES;
				PRODUCT_BUNDLE_IDENTIFIER = com.placewise.app;
				PRODUCT_NAME = "$(TARGET_NAME)";
				SDKROOT = iphoneos;
				SWIFT_COMPILATION_MODE = wholemodule;
				SWIFT_OPTIMIZATION_LEVEL = "-O";
				SWIFT_VERSION = 5.1;
			};
			name = Release;
		};
/* End XCBuildConfiguration section */

/* Begin XCConfigurationList section */
		66495802242D12DBC8A4C046 /* Build configuration list for PBXProject "Placewise" */ = {
			isa = XCConfigurationList;
			buildConfigurations = (
				92354F17EC09277F6FC07AC9 /* Debug */,
				BB2F2AC46C3366D30EBC14CA /* Release */,
			);
			defaultConfigurationIsVisible = 0;
			defaultConfigurationName = Debug;
		};
		9C31D5F95D54B6E11DC2D230 /* Build configuration list for PBXNativeTarget "PlacewiseTests" */ = {
			isa = XCConfigurationList;
			buildConfigurations = (
				690E2E919AC6B8B10A418497 /* Debug */,
				9F7B0FD30DD3BA2E4666342B /* Release */,
			);
			defaultConfigurationIsVisible = 0;
			defaultConfigurationName = Debug;
		};
		A6A5F2B3CE178B629325E17B /* Build configuration list for PBXNativeTarget "Placewise" */ = {
			isa = XCConfigurationList;
			buildConfigurations = (
				328D2004B47F4AB980E0D5FD /* Debug */,
				AF3386A6200BA67E25D8E8E1 /* Release */,
			);
			defaultConfigurationIsVisible = 0;
			defaultConfigurationName = Debug;
		};
/* End XCConfigurationList section */
	};
	rootObject = EF3EDF8311E9746200995DAF /* Project object */;
}
